
Microsoft Visual Studio Solution File, Format Version 12.00
# Visual Studio Version 16
VisualStudioVersion = 16.0.32126.315
MinimumVisualStudioVersion = 10.0.40219.1
Project("{FAE04EC0-301F-11D3-BF4B-00C04F79EFBC}") = "UAssetAPI.Extension", "UAssetAPI.Extension\UAssetAPI.Extension.csproj", "{46AA595A-2B75-46D6-9945-BB1AF06F0425}"
EndProject
Project("{9A19103F-16F7-4668-BE54-9A1E7A4F7556}") = "UAssetAPI", "..\..\..\UAssetAPI\UAssetAPI\UAssetAPI.csproj", "{FD04764E-8B07-498C-AC15-39F1E874C690}"
EndProject
Global
	GlobalSection(SolutionConfigurationPlatforms) = preSolution
		Debug|Any CPU = Debug|Any CPU
		Release|Any CPU = Release|Any CPU
	EndGlobalSection
	GlobalSection(ProjectConfigurationPlatforms) = postSolution
		{46AA595A-2B75-46D6-9945-BB1AF06F0425}.Debug|Any CPU.ActiveCfg = Debug|Any CPU
		{46AA595A-2B75-46D6-9945-BB1AF06F0425}.Debug|Any CPU.Build.0 = Debug|Any CPU
		{46AA595A-2B75-46D6-9945-BB1AF06F0425}.Release|Any CPU.ActiveCfg = Release|Any CPU
		{46AA595A-2B75-46D6-9945-BB1AF06F0425}.Release|Any CPU.Build.0 = Release|Any CPU
		{FD04764E-8B07-498C-AC15-39F1E874C690}.Debug|Any CPU.ActiveCfg = Debug|Any CPU
		{FD04764E-8B07-498C-AC15-39F1E874C690}.Debug|Any CPU.Build.0 = Debug|Any CPU
		{FD04764E-8B07-498C-AC15-39F1E874C690}.Release|Any CPU.ActiveCfg = Release|Any CPU
		{FD04764E-8B07-498C-AC15-39F1E874C690}.Release|Any CPU.Build.0 = Release|Any CPU
	EndGlobalSection
	GlobalSection(SolutionProperties) = preSolution
		HideSolutionNode = FALSE
	EndGlobalSection
	GlobalSection(ExtensibilityGlobals) = postSolution
		SolutionGuid = {E17AA2BC-4394-41FA-851B-82AB5D687106}
	EndGlobalSection
EndGlobal
